
Microsoft Visual Studio Solution File, Format Version 12.00
# Visual Studio Version 16
VisualStudioVersion = 16.0.33214.272
MinimumVisualStudioVersion = 10.0.40219.1
Project("{FAE04EC0-301F-11D3-BF4B-00C04F79EFBC}") = "mission04site", "mission04site\mission04site.csproj", "{72809E0C-329E-4296-8434-2448CD31030B}"
EndProject
Global
	GlobalSection(SolutionConfigurationPlatforms) = preSolution
		Debug|Any CPU = Debug|Any CPU
		Release|Any CPU = Release|Any CPU
	EndGlobalSection
	GlobalSection(ProjectConfigurationPlatforms) = postSolution
		{72809E0C-329E-4296-8434-2448CD31030B}.Debug|Any CPU.ActiveCfg = Debug|Any CPU
		{72809E0C-329E-4296-8434-2448CD31030B}.Debug|Any CPU.Build.0 = Debug|Any CPU
		{72809E0C-329E-4296-8434-2448CD31030B}.Release|Any CPU.ActiveCfg = Release|Any CPU
		{72809E0C-329E-4296-8434-2448CD31030B}.Release|Any CPU.Build.0 = Release|Any CPU
	EndGlobalSection
	GlobalSection(SolutionProperties) = preSolution
		HideSolutionNode = FALSE
	EndGlobalSection
	GlobalSection(ExtensibilityGlobals) = postSolution
		SolutionGuid = {5E26B881-4669-437B-99B3-4E03C7BD1295}
	EndGlobalSection
EndGlobal
